
Microsoft Visual Studio Solution File, Format Version 12.00
# Visual Studio Version 17
VisualStudioVersion = 17.1.32414.318
MinimumVisualStudioVersion = 10.0.40219.1
Project("{FAE04EC0-301F-11D3-BF4B-00C04F79EFBC}") = "test4", "test4\test4.csproj", "{0CE21F4C-8E72-45E1-B854-A1D6EDB0AC91}"
EndProject
Global
	GlobalSection(SolutionConfigurationPlatforms) = preSolution
		Debug|Any CPU = Debug|Any CPU
		Release|Any CPU = Release|Any CPU
	EndGlobalSection
	GlobalSection(ProjectConfigurationPlatforms) = postSolution
		{0CE21F4C-8E72-45E1-B854-A1D6EDB0AC91}.Debug|Any CPU.ActiveCfg = Debug|Any CPU
		{0CE21F4C-8E72-45E1-B854-A1D6EDB0AC91}.Debug|Any CPU.Build.0 = Debug|Any CPU
		{0CE21F4C-8E72-45E1-B854-A1D6EDB0AC91}.Release|Any CPU.ActiveCfg = Release|Any CPU
		{0CE21F4C-8E72-45E1-B854-A1D6EDB0AC91}.Release|Any CPU.Build.0 = Release|Any CPU
	EndGlobalSection
	GlobalSection(SolutionProperties) = preSolution
		HideSolutionNode = FALSE
	EndGlobalSection
	GlobalSection(ExtensibilityGlobals) = postSolution
		SolutionGuid = {00D3782C-606F-4C27-8240-692AF70E6AA2}
	EndGlobalSection
EndGlobal
